
Microsoft Visual Studio Solution File, Format Version 12.00
# Visual Studio Version 17
VisualStudioVersion = 17.1.32210.238
MinimumVisualStudioVersion = 10.0.40219.1
Project("{FAE04EC0-301F-11D3-BF4B-00C04F79EFBC}") = "Q3", "Q3\Q3.csproj", "{155D0FA9-2AFA-4452-AE67-0B5ED9F343D3}"
EndProject
Global
	GlobalSection(SolutionConfigurationPlatforms) = preSolution
		Debug|Any CPU = Debug|Any CPU
		Release|Any CPU = Release|Any CPU
	EndGlobalSection
	GlobalSection(ProjectConfigurationPlatforms) = postSolution
		{155D0FA9-2AFA-4452-AE67-0B5ED9F343D3}.Debug|Any CPU.ActiveCfg = Debug|Any CPU
		{155D0FA9-2AFA-4452-AE67-0B5ED9F343D3}.Debug|Any CPU.Build.0 = Debug|Any CPU
		{155D0FA9-2AFA-4452-AE67-0B5ED9F343D3}.Release|Any CPU.ActiveCfg = Release|Any CPU
		{155D0FA9-2AFA-4452-AE67-0B5ED9F343D3}.Release|Any CPU.Build.0 = Release|Any CPU
	EndGlobalSection
	GlobalSection(SolutionProperties) = preSolution
		HideSolutionNode = FALSE
	EndGlobalSection
	GlobalSection(ExtensibilityGlobals) = postSolution
		SolutionGuid = {8058FDBD-E7DF-4F5D-8613-CA3E190A1A41}
	EndGlobalSection
EndGlobal
