
Microsoft Visual Studio Solution File, Format Version 12.00
# Visual Studio Version 17
VisualStudioVersion = 17.1.32210.238
MinimumVisualStudioVersion = 10.0.40219.1
Project("{FAE04EC0-301F-11D3-BF4B-00C04F79EFBC}") = "Q6", "Q6\Q6.csproj", "{DAB42CCE-0014-4EA6-8F66-42DD3EBA4AE9}"
EndProject
Global
	GlobalSection(SolutionConfigurationPlatforms) = preSolution
		Debug|Any CPU = Debug|Any CPU
		Release|Any CPU = Release|Any CPU
	EndGlobalSection
	GlobalSection(ProjectConfigurationPlatforms) = postSolution
		{DAB42CCE-0014-4EA6-8F66-42DD3EBA4AE9}.Debug|Any CPU.ActiveCfg = Debug|Any CPU
		{DAB42CCE-0014-4EA6-8F66-42DD3EBA4AE9}.Debug|Any CPU.Build.0 = Debug|Any CPU
		{DAB42CCE-0014-4EA6-8F66-42DD3EBA4AE9}.Release|Any CPU.ActiveCfg = Release|Any CPU
		{DAB42CCE-0014-4EA6-8F66-42DD3EBA4AE9}.Release|Any CPU.Build.0 = Release|Any CPU
	EndGlobalSection
	GlobalSection(SolutionProperties) = preSolution
		HideSolutionNode = FALSE
	EndGlobalSection
	GlobalSection(ExtensibilityGlobals) = postSolution
		SolutionGuid = {20EEFFD2-BCAF-4037-869E-BBE1413189CD}
	EndGlobalSection
EndGlobal
