
Microsoft Visual Studio Solution File, Format Version 12.00
# Visual Studio Version 16
VisualStudioVersion = 16.0.31729.503
MinimumVisualStudioVersion = 10.0.40219.1
Project("{FAE04EC0-301F-11D3-BF4B-00C04F79EFBC}") = "105-6", "105-6\105-6.csproj", "{D03E6ED9-155F-4826-BC31-EDD67C207720}"
EndProject
Global
	GlobalSection(SolutionConfigurationPlatforms) = preSolution
		Debug|Any CPU = Debug|Any CPU
		Release|Any CPU = Release|Any CPU
	EndGlobalSection
	GlobalSection(ProjectConfigurationPlatforms) = postSolution
		{D03E6ED9-155F-4826-BC31-EDD67C207720}.Debug|Any CPU.ActiveCfg = Debug|Any CPU
		{D03E6ED9-155F-4826-BC31-EDD67C207720}.Debug|Any CPU.Build.0 = Debug|Any CPU
		{D03E6ED9-155F-4826-BC31-EDD67C207720}.Release|Any CPU.ActiveCfg = Release|Any CPU
		{D03E6ED9-155F-4826-BC31-EDD67C207720}.Release|Any CPU.Build.0 = Release|Any CPU
	EndGlobalSection
	GlobalSection(SolutionProperties) = preSolution
		HideSolutionNode = FALSE
	EndGlobalSection
	GlobalSection(ExtensibilityGlobals) = postSolution
		SolutionGuid = {2BC9FDFC-44FF-49F6-AA50-E2C73337F68D}
	EndGlobalSection
EndGlobal
