
Microsoft Visual Studio Solution File, Format Version 12.00
# Visual Studio Version 17
VisualStudioVersion = 17.1.32210.238
MinimumVisualStudioVersion = 10.0.40219.1
Project("{FAE04EC0-301F-11D3-BF4B-00C04F79EFBC}") = "109_Q3", "109_Q3\109_Q3.csproj", "{06DE3E8F-171A-4BBB-AECE-6E91127917ED}"
EndProject
Global
	GlobalSection(SolutionConfigurationPlatforms) = preSolution
		Debug|Any CPU = Debug|Any CPU
		Release|Any CPU = Release|Any CPU
	EndGlobalSection
	GlobalSection(ProjectConfigurationPlatforms) = postSolution
		{06DE3E8F-171A-4BBB-AECE-6E91127917ED}.Debug|Any CPU.ActiveCfg = Debug|Any CPU
		{06DE3E8F-171A-4BBB-AECE-6E91127917ED}.Debug|Any CPU.Build.0 = Debug|Any CPU
		{06DE3E8F-171A-4BBB-AECE-6E91127917ED}.Release|Any CPU.ActiveCfg = Release|Any CPU
		{06DE3E8F-171A-4BBB-AECE-6E91127917ED}.Release|Any CPU.Build.0 = Release|Any CPU
	EndGlobalSection
	GlobalSection(SolutionProperties) = preSolution
		HideSolutionNode = FALSE
	EndGlobalSection
	GlobalSection(ExtensibilityGlobals) = postSolution
		SolutionGuid = {E1378C86-2532-4D1B-8D3D-103051CA5554}
	EndGlobalSection
EndGlobal
