
Microsoft Visual Studio Solution File, Format Version 12.00
# Visual Studio Version 17
VisualStudioVersion = 17.1.32210.238
MinimumVisualStudioVersion = 10.0.40219.1
Project("{FAE04EC0-301F-11D3-BF4B-00C04F79EFBC}") = "Q1", "Q1\Q1.csproj", "{C3E0D8BE-1650-4734-9083-4A713A684430}"
EndProject
Global
	GlobalSection(SolutionConfigurationPlatforms) = preSolution
		Debug|Any CPU = Debug|Any CPU
		Release|Any CPU = Release|Any CPU
	EndGlobalSection
	GlobalSection(ProjectConfigurationPlatforms) = postSolution
		{C3E0D8BE-1650-4734-9083-4A713A684430}.Debug|Any CPU.ActiveCfg = Debug|Any CPU
		{C3E0D8BE-1650-4734-9083-4A713A684430}.Debug|Any CPU.Build.0 = Debug|Any CPU
		{C3E0D8BE-1650-4734-9083-4A713A684430}.Release|Any CPU.ActiveCfg = Release|Any CPU
		{C3E0D8BE-1650-4734-9083-4A713A684430}.Release|Any CPU.Build.0 = Release|Any CPU
	EndGlobalSection
	GlobalSection(SolutionProperties) = preSolution
		HideSolutionNode = FALSE
	EndGlobalSection
	GlobalSection(ExtensibilityGlobals) = postSolution
		SolutionGuid = {CA52E7FA-2FE6-4775-B3D8-5BF2EC8F08E5}
	EndGlobalSection
EndGlobal
