
Microsoft Visual Studio Solution File, Format Version 12.00
# Visual Studio Version 17
VisualStudioVersion = 17.1.32210.238
MinimumVisualStudioVersion = 10.0.40219.1
Project("{FAE04EC0-301F-11D3-BF4B-00C04F79EFBC}") = "109_Q4", "109_Q4\109_Q4.csproj", "{6AF7A3BF-5B4F-40B1-AA0E-AF0F0946D612}"
EndProject
Global
	GlobalSection(SolutionConfigurationPlatforms) = preSolution
		Debug|Any CPU = Debug|Any CPU
		Release|Any CPU = Release|Any CPU
	EndGlobalSection
	GlobalSection(ProjectConfigurationPlatforms) = postSolution
		{6AF7A3BF-5B4F-40B1-AA0E-AF0F0946D612}.Debug|Any CPU.ActiveCfg = Debug|Any CPU
		{6AF7A3BF-5B4F-40B1-AA0E-AF0F0946D612}.Debug|Any CPU.Build.0 = Debug|Any CPU
		{6AF7A3BF-5B4F-40B1-AA0E-AF0F0946D612}.Release|Any CPU.ActiveCfg = Release|Any CPU
		{6AF7A3BF-5B4F-40B1-AA0E-AF0F0946D612}.Release|Any CPU.Build.0 = Release|Any CPU
	EndGlobalSection
	GlobalSection(SolutionProperties) = preSolution
		HideSolutionNode = FALSE
	EndGlobalSection
	GlobalSection(ExtensibilityGlobals) = postSolution
		SolutionGuid = {838F0121-FA65-4D8C-88EC-7B04631D7A8B}
	EndGlobalSection
EndGlobal
